github.com/FiloSottile/b2 v0.0.0-20170207175032-b197f7a2c317 h1:1GuMjC4tjfwnWBdoTS7YqtQ3JIsEft6NRcdmXdzvYYc=
github.com/FiloSottile/b2 v0.0.0-20170207175032-b197f7a2c317/go.mod h1:3DBotXAz3n/g1px/orhrK7xBJLjfaJRRrsEAJiUYEtY=
github.com/flynn/go-shlex v0.0.0-20150515145356-3f9db97f8568 h1:BHsljHzVlRcyQhjrss6TZTdY2VfCqZPbv5k3iBFa2ZQ=
github.com/flynn/go-shlex v0.0.0-20150515145356-3f9db97f8568/go.mod h1:xEzjJPgXI435gkrCt3MPfRiAkVrwSbHsst4LCFVfpJc=
github.com/google/uuid v0.0.0-20171129191014-dec09d789f3d h1:rXQlD9GXkjA/PQZhmEaF/8Pj/sJfdZJK7GJG0gkS8I0=
github.com/google/uuid v0.0.0-20171129191014-dec09d789f3d/go.mod h1:TIyPZe4MgqvfeYDBFedMoGGpEw/LqOeaOT+nhxU+yHo=
github.com/klauspost/cpuid v0.0.0-20180405133222-e7e905edc00e h1:+lIPJOWl+jSiJOc70QXJ07+2eg2Jy2EC7Mi11BWujeM=
github.com/klauspost/cpuid v0.0.0-20180405133222-e7e905edc00e/go.mod h1:Pj4uuM528wm8OyEC2QMXAi2YiTZ96dNQPGgoMS4s3ek=
github.com/mholt/caddy v0.11.0 h1:cuhEyR7So/SBBRiAaiRBe9BoccDu6uveIPuM9FMMavg=
github.com/mholt/caddy v0.11.0/go.mod h1:Wb1PlT4DAYSqOEd03MsqkdkXnTxA8v9pKjdpxbqM1kY=
github.com/miekg/dns v1.0.8 h1:Zi8HNpze3NeRWH1PQV6O71YcvJRQ6j0lORO6DAEmAAI=
github.com/miekg/dns v1.0.8/go.mod h1:W1PPwlIAgtquWBMBEV9nkV9Cazfe8ScdGz/Lj7v3Nrg=
github.com/xenolf/lego v0.4.2-0.20180420000218-fad2257e11ae h1:wqXcxUe2MJVmlwZw7gj7RUlzEBj7uEbxbp04bsM0Eyc=
github.com/xenolf/lego v0.4.2-0.20180420000218-fad2257e11ae/go.mod h1:fwiGnfsIjG7OHPfOvgK7Y/Qo6+2Ox0iozjNTkZICKbY=
github.com/xenolf/lego v1.0.1 h1:Rr9iqO8MoNxY6OvqdIZTnNZ8bwt0RNz00nGXfoTq4Bc=
golang.org/x/crypto v0.0.0-20180820150726-614d502a4dac h1:7d7lG9fHOLdL6jZPtnV4LpI41SbohIJ1Atq7U991dMg=
golang.org/x/crypto v0.0.0-20180820150726-614d502a4dac/go.mod h1:6SG95UA2DQfeDnfUPMdvaQW0Q7yPrPDi9nlGo2tz2b4=
golang.org/x/net v0.0.0-20180824152047-4bcd98cce591 h1:4S2XUgvg3hUNTvxI307qkFPb9zKHG3Nf9TXFzX/DZZI=
golang.org/x/net v0.0.0-20180824152047-4bcd98cce591/go.mod h1:mL1N/T3taQHkDXs73rZJwtUhF3w3ftmwwsq0BUmARs4=
gopkg.in/square/go-jose.v2 v2.1.8 h1:yECBkTX7ypNaRFILw4trAAYXRLvcGxTeHCBKj/fc8gU=
gopkg.in/square/go-jose.v2 v2.1.8/go.mod h1:M9dMgbHiYLoDGQrXy7OpJDJWiKiU//h+vD76mk0e1AI=
